
Microsoft Visual Studio Solution File, Format Version 12.00
Project("{FAE04EC0-301F-11D3-BF4B-00C04F79EFBC}") = "enum-extension-and-pattern-matching", "enum-extension-and-pattern-matching.csproj", "{AB36B3A5-81F8-48A9-924E-8DD642A82589}"
EndProject
Global
	GlobalSection(SolutionConfigurationPlatforms) = preSolution
		Debug|Any CPU = Debug|Any CPU
		Release|Any CPU = Release|Any CPU
	EndGlobalSection
	GlobalSection(ProjectConfigurationPlatforms) = postSolution
		{AB36B3A5-81F8-48A9-924E-8DD642A82589}.Debug|Any CPU.ActiveCfg = Debug|Any CPU
		{AB36B3A5-81F8-48A9-924E-8DD642A82589}.Debug|Any CPU.Build.0 = Debug|Any CPU
		{AB36B3A5-81F8-48A9-924E-8DD642A82589}.Release|Any CPU.ActiveCfg = Release|Any CPU
		{AB36B3A5-81F8-48A9-924E-8DD642A82589}.Release|Any CPU.Build.0 = Release|Any CPU
	EndGlobalSection
EndGlobal
